
Microsoft Visual Studio Solution File, Format Version 12.00
# Visual Studio Version 17
VisualStudioVersion = 17.4.33205.214
MinimumVisualStudioVersion = 10.0.40219.1
Project("{FAE04EC0-301F-11D3-BF4B-00C04F79EFBC}") = "SatrançOyunu", "SatrançOyunu\SatrançOyunu.csproj", "{8FD71497-0082-4060-AF3E-74D7E46C5B65}"
EndProject
Global
	GlobalSection(SolutionConfigurationPlatforms) = preSolution
		Debug|Any CPU = Debug|Any CPU
		Release|Any CPU = Release|Any CPU
	EndGlobalSection
	GlobalSection(ProjectConfigurationPlatforms) = postSolution
		{8FD71497-0082-4060-AF3E-74D7E46C5B65}.Debug|Any CPU.ActiveCfg = Debug|Any CPU
		{8FD71497-0082-4060-AF3E-74D7E46C5B65}.Debug|Any CPU.Build.0 = Debug|Any CPU
		{8FD71497-0082-4060-AF3E-74D7E46C5B65}.Release|Any CPU.ActiveCfg = Release|Any CPU
		{8FD71497-0082-4060-AF3E-74D7E46C5B65}.Release|Any CPU.Build.0 = Release|Any CPU
	EndGlobalSection
	GlobalSection(SolutionProperties) = preSolution
		HideSolutionNode = FALSE
	EndGlobalSection
	GlobalSection(ExtensibilityGlobals) = postSolution
		SolutionGuid = {30C11D87-25FD-4329-AB43-656E67666EA7}
	EndGlobalSection
EndGlobal
