
Microsoft Visual Studio Solution File, Format Version 12.00
# Visual Studio Version 16
VisualStudioVersion = 16.0.31515.178
MinimumVisualStudioVersion = 10.0.40219.1
Project("{FAE04EC0-301F-11D3-BF4B-00C04F79EFBC}") = "TYT-AYT Puan Hesaplama", "TYT-AYT Puan Hesaplama.csproj", "{726B5120-9639-4A08-A082-F946B861BD70}"
EndProject
Global
	GlobalSection(SolutionConfigurationPlatforms) = preSolution
		Debug|Any CPU = Debug|Any CPU
		Release|Any CPU = Release|Any CPU
	EndGlobalSection
	GlobalSection(ProjectConfigurationPlatforms) = postSolution
		{726B5120-9639-4A08-A082-F946B861BD70}.Debug|Any CPU.ActiveCfg = Debug|Any CPU
		{726B5120-9639-4A08-A082-F946B861BD70}.Debug|Any CPU.Build.0 = Debug|Any CPU
		{726B5120-9639-4A08-A082-F946B861BD70}.Release|Any CPU.ActiveCfg = Release|Any CPU
		{726B5120-9639-4A08-A082-F946B861BD70}.Release|Any CPU.Build.0 = Release|Any CPU
	EndGlobalSection
	GlobalSection(SolutionProperties) = preSolution
		HideSolutionNode = FALSE
	EndGlobalSection
	GlobalSection(ExtensibilityGlobals) = postSolution
		SolutionGuid = {1B2F0C3B-1699-439B-9507-1AA231FF1CA7}
	EndGlobalSection
EndGlobal
